
Microsoft Visual Studio Solution File, Format Version 12.00
# Visual Studio Version 16
VisualStudioVersion = 16.0.30225.117
MinimumVisualStudioVersion = 10.0.40219.1
Project("{FAE04EC0-301F-11D3-BF4B-00C04F79EFBC}") = "Chat server", "Chat\Chat server.csproj", "{988A309D-4790-4407-B398-7DDB1FCF8152}"
EndProject
Project("{FAE04EC0-301F-11D3-BF4B-00C04F79EFBC}") = "Chat Client", "Chat Client\Chat Client.csproj", "{704470B0-F492-4B12-BC55-8B17EA8361E4}"
EndProject
Global
	GlobalSection(SolutionConfigurationPlatforms) = preSolution
		Debug|Any CPU = Debug|Any CPU
		Release|Any CPU = Release|Any CPU
	EndGlobalSection
	GlobalSection(ProjectConfigurationPlatforms) = postSolution
		{988A309D-4790-4407-B398-7DDB1FCF8152}.Debug|Any CPU.ActiveCfg = Debug|Any CPU
		{988A309D-4790-4407-B398-7DDB1FCF8152}.Debug|Any CPU.Build.0 = Debug|Any CPU
		{988A309D-4790-4407-B398-7DDB1FCF8152}.Release|Any CPU.ActiveCfg = Release|Any CPU
		{988A309D-4790-4407-B398-7DDB1FCF8152}.Release|Any CPU.Build.0 = Release|Any CPU
		{704470B0-F492-4B12-BC55-8B17EA8361E4}.Debug|Any CPU.ActiveCfg = Debug|Any CPU
		{704470B0-F492-4B12-BC55-8B17EA8361E4}.Debug|Any CPU.Build.0 = Debug|Any CPU
		{704470B0-F492-4B12-BC55-8B17EA8361E4}.Release|Any CPU.ActiveCfg = Release|Any CPU
		{704470B0-F492-4B12-BC55-8B17EA8361E4}.Release|Any CPU.Build.0 = Release|Any CPU
	EndGlobalSection
	GlobalSection(SolutionProperties) = preSolution
		HideSolutionNode = FALSE
	EndGlobalSection
	GlobalSection(ExtensibilityGlobals) = postSolution
		SolutionGuid = {E4C3873E-DEFD-48E7-BABE-327C69571041}
	EndGlobalSection
EndGlobal
